// !$*UTF8*$!
{
	archiveVersion = 1;
	classes = {
	};
	objectVersion = 46;
	objects = {

/* Begin PBXBuildFile section */
		1107749F1EB16CA1002309F1 /* JokeController.swift in Sources */ = {isa = PBXBuildFile; fileRef = 1107749E1EB16CA1002309F1 /* JokeController.swift */; };
		114DDF691EB12C7700BEBDA7 /* AppDelegate.swift in Sources */ = {isa = PBXBuildFile; fileRef = 114DDF681EB12C7700BEBDA7 /* AppDelegate.swift */; };
		114DDF6E1EB12C7700BEBDA7 /* Main.storyboard in Resources */ = {isa = PBXBuildFile; fileRef = 114DDF6C1EB12C7700BEBDA7 /* Main.storyboard */; };
		114DDF701EB12C7700BEBDA7 /* Assets.xcassets in Resources */ = {isa = PBXBuildFile; fileRef = 114DDF6F1EB12C7700BEBDA7 /* Assets.xcassets */; };
		114DDF731EB12C7700BEBDA7 /* LaunchScreen.storyboard in Resources */ = {isa = PBXBuildFile; fileRef = 114DDF711EB12C7700BEBDA7 /* LaunchScreen.storyboard */; };
		114DDF7B1EB1357500BEBDA7 /* FlipViewController.swift in Sources */ = {isa = PBXBuildFile; fileRef = 114DDF7A1EB1357500BEBDA7 /* FlipViewController.swift */; };
		114DDF7D1EB139DF00BEBDA7 /* FlippedViewController.swift in Sources */ = {isa = PBXBuildFile; fileRef = 114DDF7C1EB139DF00BEBDA7 /* FlippedViewController.swift */; };
/* End PBXBuildFile section */

/* Begin PBXFileReference section */
		1107749E1EB16CA1002309F1 /* JokeController.swift */ = {isa = PBXFileReference; fileEncoding = 4; lastKnownFileType = sourcecode.swift; path = JokeController.swift; sourceTree = "<group>"; };
		114DDF651EB12C7700BEBDA7 /* iKid.app */ = {isa = PBXFileReference; explicitFileType = wrapper.application; includeInIndex = 0; path = iKid.app; sourceTree = BUILT_PRODUCTS_DIR; };
		114DDF681EB12C7700BEBDA7 /* AppDelegate.swift */ = {isa = PBXFileReference; lastKnownFileType = sourcecode.swift; path = AppDelegate.swift; sourceTree = "<group>"; };
		114DDF6D1EB12C7700BEBDA7 /* Base */ = {isa = PBXFileReference; lastKnownFileType = file.storyboard; name = Base; path = Base.lproj/Main.storyboard; sourceTree = "<group>"; };
		114DDF6F1EB12C7700BEBDA7 /* Assets.xcassets */ = {isa = PBXFileReference; lastKnownFileType = folder.assetcatalog; path = Assets.xcassets; sourceTree = "<group>"; };
		114DDF721EB12C7700BEBDA7 /* Base */ = {isa = PBXFileReference; lastKnownFileType = file.storyboard; name = Base; path = Base.lproj/LaunchScreen.storyboard; sourceTree = "<group>"; };
		114DDF741EB12C7700BEBDA7 /* Info.plist */ = {isa = PBXFileReference; lastKnownFileType = text.plist.xml; path = Info.plist; sourceTree = "<group>"; };
		114DDF7A1EB1357500BEBDA7 /* FlipViewController.swift */ = {isa = PBXFileReference; fileEncoding = 4; lastKnownFileType = sourcecode.swift; path = FlipViewController.swift; sourceTree = "<group>"; };
		114DDF7C1EB139DF00BEBDA7 /* FlippedViewController.swift */ = {isa = PBXFileReference; fileEncoding = 4; lastKnownFileType = sourcecode.swift; path = FlippedViewController.swift; sourceTree = "<group>"; };
/* End PBXFileReference section */

/* Begin PBXFrameworksBuildPhase section */
		114DDF621EB12C7700BEBDA7 /* Frameworks */ = {
			isa = PBXFrameworksBuildPhase;
			buildActionMask = 2147483647;
			files = (
			);
			runOnlyForDeploymentPostprocessing = 0;
		};
/* End PBXFrameworksBuildPhase section */

/* Begin PBXGroup section */
		114DDF5C1EB12C7700BEBDA7 = {
			isa = PBXGroup;
			children = (
				114DDF671EB12C7700BEBDA7 /* iKid */,
				114DDF661EB12C7700BEBDA7 /* Products */,
			);
			sourceTree = "<group>";
		};
		114DDF661EB12C7700BEBDA7 /* Products */ = {
			isa = PBXGroup;
			children = (
				114DDF651EB12C7700BEBDA7 /* iKid.app */,
			);
			name = Products;
			sourceTree = "<group>";
		};
		114DDF671EB12C7700BEBDA7 /* iKid */ = {
			isa = PBXGroup;
			children = (
				114DDF681EB12C7700BEBDA7 /* AppDelegate.swift */,
				114DDF6C1EB12C7700BEBDA7 /* Main.storyboard */,
				114DDF6F1EB12C7700BEBDA7 /* Assets.xcassets */,
				114DDF711EB12C7700BEBDA7 /* LaunchScreen.storyboard */,
				114DDF741EB12C7700BEBDA7 /* Info.plist */,
				114DDF7A1EB1357500BEBDA7 /* FlipViewController.swift */,
				114DDF7C1EB139DF00BEBDA7 /* FlippedViewController.swift */,
				1107749E1EB16CA1002309F1 /* JokeController.swift */,
			);
			path = iKid;
			sourceTree = "<group>";
		};
/* End PBXGroup section */

/* Begin PBXNativeTarget section */
		114DDF641EB12C7700BEBDA7 /* iKid */ = {
			isa = PBXNativeTarget;
			buildConfigurationList = 114DDF771EB12C7700BEBDA7 /* Build configuration list for PBXNativeTarget "iKid" */;
			buildPhases = (
				114DDF611EB12C7700BEBDA7 /* Sources */,
				114DDF621EB12C7700BEBDA7 /* Frameworks */,
				114DDF631EB12C7700BEBDA7 /* Resources */,
			);
			buildRules = (
			);
			dependencies = (
			);
			name = iKid;
			productName = iKid;
			productReference = 114DDF651EB12C7700BEBDA7 /* iKid.app */;
			productType = "com.apple.product-type.application";
		};
/* End PBXNativeTarget section */

/* Begin PBXProject section */
		114DDF5D1EB12C7700BEBDA7 /* Project object */ = {
			isa = PBXProject;
			attributes = {
				LastSwiftUpdateCheck = 0830;
				LastUpgradeCheck = 0830;
				ORGANIZATIONNAME = "Duncan Andrew";
				TargetAttributes = {
					114DDF641EB12C7700BEBDA7 = {
						CreatedOnToolsVersion = 8.3;
						ProvisioningStyle = Automatic;
					};
				};
			};
			buildConfigurationList = 114DDF601EB12C7700BEBDA7 /* Build configuration list for PBXProject "iKid" */;
			compatibilityVersion = "Xcode 3.2";
			developmentRegion = English;
			hasScannedForEncodings = 0;
			knownRegions = (
				en,
				Base,
			);
			mainGroup = 114DDF5C1EB12C7700BEBDA7;
			productRefGroup = 114DDF661EB12C7700BEBDA7 /* Products */;
			projectDirPath = "";
			projectRoot = "";
			targets = (
				114DDF641EB12C7700BEBDA7 /* iKid */,
			);
		};
/* End PBXProject section */

/* Begin PBXResourcesBuildPhase section */
		114DDF631EB12C7700BEBDA7 /* Resources */ = {
			isa = PBXResourcesBuildPhase;
			buildActionMask = 2147483647;
			files = (
				114DDF731EB12C7700BEBDA7 /* LaunchScreen.storyboard in Resources */,
				114DDF701EB12C7700BEBDA7 /* Assets.xcassets in Resources */,
				114DDF6E1EB12C7700BEBDA7 /* Main.storyboard in Resources */,
			);
			runOnlyForDeploymentPostprocessing = 0;
		};
/* End PBXResourcesBuildPhase section */

/* Begin PBXSourcesBuildPhase section */
		114DDF611EB12C7700BEBDA7 /* Sources */ = {
			isa = PBXSourcesBuildPhase;
			buildActionMask = 2147483647;
			files = (
				1107749F1EB16CA1002309F1 /* JokeController.swift in Sources */,
				114DDF7B1EB1357500BEBDA7 /* FlipViewController.swift in Sources */,
				114DDF7D1EB139DF00BEBDA7 /* FlippedViewController.swift in Sources */,
				114DDF691EB12C7700BEBDA7 /* AppDelegate.swift in Sources */,
			);
			runOnlyForDeploymentPostprocessing = 0;
		};
/* End PBXSourcesBuildPhase section */

/* Begin PBXVariantGroup section */
		114DDF6C1EB12C7700BEBDA7 /* Main.storyboard */ = {
			isa = PBXVariantGroup;
			children = (
				114DDF6D1EB12C7700BEBDA7 /* Base */,
			);
			name = Main.storyboard;
			sourceTree = "<group>";
		};
		114DDF711EB12C7700BEBDA7 /* LaunchScreen.storyboard */ = {
			isa = PBXVariantGroup;
			children = (
				114DDF721EB12C7700BEBDA7 /* Base */,
			);
			name = LaunchScreen.storyboard;
			sourceTree = "<group>";
		};
/* End PBXVariantGroup section */

/* Begin XCBuildConfiguration section */
		114DDF751EB12C7700BEBDA7 /* Debug */ = {
			isa = XCBuildConfiguration;
			buildSettings = {
				ALWAYS_SEARCH_USER_PATHS = NO;
				CLANG_ANALYZER_NONNULL = YES;
				CLANG_ANALYZER_NUMBER_OBJECT_CONVERSION = YES_AGGRESSIVE;
				CLANG_CXX_LANGUAGE_STANDARD = "gnu++0x";
				CLANG_CXX_LIBRARY = "libc++";
				CLANG_ENABLE_MODULES = YES;
				CLANG_ENABLE_OBJC_ARC = YES;
				CLANG_WARN_BOOL_CONVERSION = YES;
				CLANG_WARN_CONSTANT_CONVERSION = YES;
				CLANG_WARN_DIRECT_OBJC_ISA_USAGE = YES_ERROR;
				CLANG_WARN_DOCUMENTATION_COMMENTS = YES;
				CLANG_WARN_EMPTY_BODY = YES;
				CLANG_WARN_ENUM_CONVERSION = YES;
				CLANG_WARN_INFINITE_RECURSION = YES;
				CLANG_WARN_INT_CONVERSION = YES;
				CLANG_WARN_OBJC_ROOT_CLASS = YES_ERROR;
				CLANG_WARN_SUSPICIOUS_MOVE = YES;
				CLANG_WARN_UNREACHABLE_CODE = YES;
				CLANG_WARN__DUPLICATE_METHOD_MATCH = YES;
				"CODE_SIGN_IDENTITY[sdk=iphoneos*]" = "iPhone Developer";
				COPY_PHASE_STRIP = NO;
				DEBUG_INFORMATION_FORMAT = dwarf;
				ENABLE_STRICT_OBJC_MSGSEND = YES;
				ENABLE_TESTABILITY = YES;
				GCC_C_LANGUAGE_STANDARD = gnu99;
				GCC_DYNAMIC_NO_PIC = NO;
				GCC_NO_COMMON_BLOCKS = YES;
				GCC_OPTIMIZATION_LEVEL = 0;
				GCC_PREPROCESSOR_DEFINITIONS = (
					"DEBUG=1",
					"$(inherited)",
				);
				GCC_WARN_64_TO_32_BIT_CONVERSION = YES;
				GCC_WARN_ABOUT_RETURN_TYPE = YES_ERROR;
				GCC_WARN_UNDECLARED_SELECTOR = YES;
				GCC_WARN_UNINITIALIZED_AUTOS = YES_AGGRESSIVE;
				GCC_WARN_UNUSED_FUNCTION = YES;
				GCC_WARN_UNUSED_VARIABLE = YES;
				IPHONEOS_DEPLOYMENT_TARGET = 10.3;
				MTL_ENABLE_DEBUG_INFO = YES;
				ONLY_ACTIVE_ARCH = YES;
				SDKROOT = iphoneos;
				SWIFT_ACTIVE_COMPILATION_CONDITIONS = DEBUG;
				SWIFT_OPTIMIZATION_LEVEL = "-Onone";
				TARGETED_DEVICE_FAMILY = "1,2";
			};
			name = Debug;
		};
		114DDF761EB12C7700BEBDA7 /* Release */ = {
			isa = XCBuildConfiguration;
			buildSettings = {
				ALWAYS_SEARCH_USER_PATHS = NO;
				CLANG_ANALYZER_NONNULL = YES;
				CLANG_ANALYZER_NUMBER_OBJECT_CONVERSION = YES_AGGRESSIVE;
				CLANG_CXX_LANGUAGE_STANDARD = "gnu++0x";
				CLANG_CXX_LIBRARY = "libc++";
				CLANG_ENABLE_MODULES = YES;
				CLANG_ENABLE_OBJC_ARC = YES;
				CLANG_WARN_BOOL_CONVERSION = YES;
				CLANG_WARN_CONSTANT_CONVERSION = YES;
				CLANG_WARN_DIRECT_OBJC_ISA_USAGE = YES_ERROR;
				CLANG_WARN_DOCUMENTATION_COMMENTS = YES;
				CLANG_WARN_EMPTY_BODY = YES;
				CLANG_WARN_ENUM_CONVERSION = YES;
				CLANG_WARN_INFINITE_RECURSION = YES;
				CLANG_WARN_INT_CONVERSION = YES;
				CLANG_WARN_OBJC_ROOT_CLASS = YES_ERROR;
				CLANG_WARN_SUSPICIOUS_MOVE = YES;
				CLANG_WARN_UNREACHABLE_CODE = YES;
				CLANG_WARN__DUPLICATE_METHOD_MATCH = YES;
				"CODE_SIGN_IDENTITY[sdk=iphoneos*]" = "iPhone Developer";
				COPY_PHASE_STRIP = NO;
				DEBUG_INFORMATION_FORMAT = "dwarf-with-dsym";
				ENABLE_NS_ASSERTIONS = NO;
				ENABLE_STRICT_OBJC_MSGSEND = YES;
				GCC_C_LANGUAGE_STANDARD = gnu99;
				GCC_NO_COMMON_BLOCKS = YES;
				GCC_WARN_64_TO_32_BIT_CONVERSION = YES;
				GCC_WARN_ABOUT_RETURN_TYPE = YES_ERROR;
				GCC_WARN_UNDECLARED_SELECTOR = YES;
				GCC_WARN_UNINITIALIZED_AUTOS = YES_AGGRESSIVE;
				GCC_WARN_UNUSED_FUNCTION = YES;
				GCC_WARN_UNUSED_VARIABLE = YES;
				IPHONEOS_DEPLOYMENT_TARGET = 10.3;
				MTL_ENABLE_DEBUG_INFO = NO;
				SDKROOT = iphoneos;
				SWIFT_OPTIMIZATION_LEVEL = "-Owholemodule";
				TARGETED_DEVICE_FAMILY = "1,2";
				VALIDATE_PRODUCT = YES;
			};
			name = Release;
		};
		114DDF781EB12C7700BEBDA7 /* Debug */ = {
			isa = XCBuildConfiguration;
			buildSettings = {
				ASSETCATALOG_COMPILER_APPICON_NAME = AppIcon;
				INFOPLIST_FILE = iKid/Info.plist;
				LD_RUNPATH_SEARCH_PATHS = "$(inherited) @executable_path/Frameworks";
				PRODUCT_BUNDLE_IDENTIFIER = com.duncanandrew.iKid;
				PRODUCT_NAME = "$(TARGET_NAME)";
				SWIFT_VERSION = 3.0;
			};
			name = Debug;
		};
		114DDF791EB12C7700BEBDA7 /* Release */ = {
			isa = XCBuildConfiguration;
			buildSettings = {
				ASSETCATALOG_COMPILER_APPICON_NAME = AppIcon;
				INFOPLIST_FILE = iKid/Info.plist;
				LD_RUNPATH_SEARCH_PATHS = "$(inherited) @executable_path/Frameworks";
				PRODUCT_BUNDLE_IDENTIFIER = com.duncanandrew.iKid;
				PRODUCT_NAME = "$(TARGET_NAME)";
				SWIFT_VERSION = 3.0;
			};
			name = Release;
		};
/* End XCBuildConfiguration section */

/* Begin XCConfigurationList section */
		114DDF601EB12C7700BEBDA7 /* Build configuration list for PBXProject "iKid" */ = {
			isa = XCConfigurationList;
			buildConfigurations = (
				114DDF751EB12C7700BEBDA7 /* Debug */,
				114DDF761EB12C7700BEBDA7 /* Release */,
			);
			defaultConfigurationIsVisible = 0;
			defaultConfigurationName = Release;
		};
		114DDF771EB12C7700BEBDA7 /* Build configuration list for PBXNativeTarget "iKid" */ = {
			isa = XCConfigurationList;
			buildConfigurations = (
				114DDF781EB12C7700BEBDA7 /* Debug */,
				114DDF791EB12C7700BEBDA7 /* Release */,
			);
			defaultConfigurationIsVisible = 0;
			defaultConfigurationName = Release;
		};
/* End XCConfigurationList section */
	};
	rootObject = 114DDF5D1EB12C7700BEBDA7 /* Project object */;
}
